{
  "requires": true,
  "lockfileVersion": 1,
  "dependencies": {
    "angular-tag-cloud": {
      "version": "0.3.4",
      "resolved": "https://registry.npmjs.org/angular-tag-cloud/-/angular-tag-cloud-0.3.4.tgz",
      "integrity": "sha1-lLHo4vxyHe9kaRq4REk8wzJjZdA="
    },
    "angular-tag-cloud-module": {
      "version": "3.8.1",
      "resolved": "https://registry.npmjs.org/angular-tag-cloud-module/-/angular-tag-cloud-module-3.8.1.tgz",
      "integrity": "sha512-PxOk9R+QsIzOMXX35SfzOX29tVI1IPC7/+UsgV4D/1xdWG8um6/uFLka26YydC1+u111ZsbJoMrDnUd65Ms9bw==",
      "requires": {
        "tslib": "^1.9.0"
      }
    },
    "bootstrap": {
      "version": "4.4.1",
      "resolved": "https://registry.npmjs.org/bootstrap/-/bootstrap-4.4.1.tgz",
      "integrity": "sha512-tbx5cHubwE6e2ZG7nqM3g/FZ5PQEDMWmMGNrCUBVRPHXTJaH7CBDdsLeu3eCh3B1tzAxTnAbtmrzvWEvT2NNEA=="
    },
    "tslib": {
      "version": "1.10.0",
      "resolved": "https://registry.npmjs.org/tslib/-/tslib-1.10.0.tgz",
      "integrity": "sha512-qOebF53frne81cf0S9B41ByenJ3/IuH8yJKngAX35CmiZySA0khhkovshKK+jGCaMnVomla7gVlIcc3EvKPbTQ=="
    }
  }
}
